{
    "name": "red-social",
    "version": "1.0.0",
    "lockfileVersion": 3,
    "requires": true,
    "packages": {
        "": {
            "name": "red-social",
            "version": "1.0.0",
            "license": "ISC",
            "dependencies": {
                "bwip-js": "^4.5.1"
            },
            "devDependencies": {
                "@types/bwip-js": "^3.2.3"
            }
        },
        "node_modules/@types/bwip-js": {
            "version": "3.2.3",
            "resolved": "https://registry.npmjs.org/@types/bwip-js/-/bwip-js-3.2.3.tgz",
            "integrity": "sha512-kgL1GOW7n5FhlC5aXnckaEim0rz1cFM4t9/xUwuNXCIDnWLx8ruQ4JQkG6znq4GQFovNLhQy5JdgbDwJw4D/zg==",
            "dev": true,
            "license": "MIT",
            "dependencies": {
                "@types/node": "*"
            }
        },
        "node_modules/@types/node": {
            "version": "22.13.5",
            "resolved": "https://registry.npmjs.org/@types/node/-/node-22.13.5.tgz",
            "integrity": "sha512-+lTU0PxZXn0Dr1NBtC7Y8cR21AJr87dLLU953CWA6pMxxv/UDc7jYAY90upcrie1nRcD6XNG5HOYEDtgW5TxAg==",
            "dev": true,
            "license": "MIT",
            "dependencies": {
                "undici-types": "~6.20.0"
            }
        },
        "node_modules/bwip-js": {
            "version": "4.5.1",
            "resolved": "https://registry.npmjs.org/bwip-js/-/bwip-js-4.5.1.tgz",
            "integrity": "sha512-83yQCKiIftz5YonnsTh6wIkFoHHWl+B/XaGWD1UdRw7aB6XP9JtyYP9n8sRy3m5rzL+Ch/RUPnu28UW0RrPZUA==",
            "license": "MIT",
            "bin": {
                "bwip-js": "bin/bwip-js.js"
            }
        },
        "node_modules/undici-types": {
            "version": "6.20.0",
            "resolved": "https://registry.npmjs.org/undici-types/-/undici-types-6.20.0.tgz",
            "integrity": "sha512-Ny6QZ2Nju20vw1SRHe3d9jVu6gJ+4e3+MMpqu7pqE5HT6WsTSlce++GQmK5UXS8mzV8DSYHrQH+Xrf2jVcuKNg==",
            "dev": true,
            "license": "MIT"
        }
    }
}
